
Microsoft Visual Studio Solution File, Format Version 12.00
# Visual Studio 15
VisualStudioVersion = 15.0.27004.2002
MinimumVisualStudioVersion = 10.0.40219.1
Project("{FAE04EC0-301F-11D3-BF4B-00C04F79EFBC}") = "PingPong", "PingPong\PingPong.csproj", "{7B7B0DC1-1A8F-48D9-A5CA-2185223F5584}"
EndProject
Global
	GlobalSection(SolutionConfigurationPlatforms) = preSolution
		Debug|Any CPU = Debug|Any CPU
		Release|Any CPU = Release|Any CPU
	EndGlobalSection
	GlobalSection(ProjectConfigurationPlatforms) = postSolution
		{7B7B0DC1-1A8F-48D9-A5CA-2185223F5584}.Debug|Any CPU.ActiveCfg = Debug|Any CPU
		{7B7B0DC1-1A8F-48D9-A5CA-2185223F5584}.Debug|Any CPU.Build.0 = Debug|Any CPU
		{7B7B0DC1-1A8F-48D9-A5CA-2185223F5584}.Release|Any CPU.ActiveCfg = Release|Any CPU
		{7B7B0DC1-1A8F-48D9-A5CA-2185223F5584}.Release|Any CPU.Build.0 = Release|Any CPU
	EndGlobalSection
	GlobalSection(SolutionProperties) = preSolution
		HideSolutionNode = FALSE
	EndGlobalSection
	GlobalSection(ExtensibilityGlobals) = postSolution
		SolutionGuid = {DC6F9143-49B5-4AF3-90C9-6F5B1A8C12CD}
	EndGlobalSection
EndGlobal
